
Microsoft Visual Studio Solution File, Format Version 12.00
# Visual Studio Version 17
VisualStudioVersion = 17.5.33516.290
MinimumVisualStudioVersion = 10.0.40219.1
Project("{FAE04EC0-301F-11D3-BF4B-00C04F79EFBC}") = "BookCatalogApi", "BookCatalogApi\BookCatalogApi.csproj", "{30ACD6FD-3DCB-40AE-A30F-D9C87C914099}"
EndProject
Project("{FAE04EC0-301F-11D3-BF4B-00C04F79EFBC}") = "Domain", "Domain\Domain.csproj", "{F597696E-9BE0-4D0D-BEA7-9C0C292DCDE4}"
EndProject
Project("{FAE04EC0-301F-11D3-BF4B-00C04F79EFBC}") = "Application", "Application\Application.csproj", "{00EEA3C6-B0C5-4089-AEE4-FFD42F854377}"
EndProject
Project("{FAE04EC0-301F-11D3-BF4B-00C04F79EFBC}") = "Infrastructure", "Infrastructure\Infrastructure.csproj", "{F1E8D53B-E15B-4E5B-88C0-61DB90FA7B56}"
EndProject
Global
	GlobalSection(SolutionConfigurationPlatforms) = preSolution
		Debug|Any CPU = Debug|Any CPU
		Release|Any CPU = Release|Any CPU
	EndGlobalSection
	GlobalSection(ProjectConfigurationPlatforms) = postSolution
		{30ACD6FD-3DCB-40AE-A30F-D9C87C914099}.Debug|Any CPU.ActiveCfg = Debug|Any CPU
		{30ACD6FD-3DCB-40AE-A30F-D9C87C914099}.Debug|Any CPU.Build.0 = Debug|Any CPU
		{30ACD6FD-3DCB-40AE-A30F-D9C87C914099}.Release|Any CPU.ActiveCfg = Release|Any CPU
		{30ACD6FD-3DCB-40AE-A30F-D9C87C914099}.Release|Any CPU.Build.0 = Release|Any CPU
		{F597696E-9BE0-4D0D-BEA7-9C0C292DCDE4}.Debug|Any CPU.ActiveCfg = Debug|Any CPU
		{F597696E-9BE0-4D0D-BEA7-9C0C292DCDE4}.Debug|Any CPU.Build.0 = Debug|Any CPU
		{F597696E-9BE0-4D0D-BEA7-9C0C292DCDE4}.Release|Any CPU.ActiveCfg = Release|Any CPU
		{F597696E-9BE0-4D0D-BEA7-9C0C292DCDE4}.Release|Any CPU.Build.0 = Release|Any CPU
		{00EEA3C6-B0C5-4089-AEE4-FFD42F854377}.Debug|Any CPU.ActiveCfg = Debug|Any CPU
		{00EEA3C6-B0C5-4089-AEE4-FFD42F854377}.Debug|Any CPU.Build.0 = Debug|Any CPU
		{00EEA3C6-B0C5-4089-AEE4-FFD42F854377}.Release|Any CPU.ActiveCfg = Release|Any CPU
		{00EEA3C6-B0C5-4089-AEE4-FFD42F854377}.Release|Any CPU.Build.0 = Release|Any CPU
		{F1E8D53B-E15B-4E5B-88C0-61DB90FA7B56}.Debug|Any CPU.ActiveCfg = Debug|Any CPU
		{F1E8D53B-E15B-4E5B-88C0-61DB90FA7B56}.Debug|Any CPU.Build.0 = Debug|Any CPU
		{F1E8D53B-E15B-4E5B-88C0-61DB90FA7B56}.Release|Any CPU.ActiveCfg = Release|Any CPU
		{F1E8D53B-E15B-4E5B-88C0-61DB90FA7B56}.Release|Any CPU.Build.0 = Release|Any CPU
	EndGlobalSection
	GlobalSection(SolutionProperties) = preSolution
		HideSolutionNode = FALSE
	EndGlobalSection
	GlobalSection(ExtensibilityGlobals) = postSolution
		SolutionGuid = {67CA60A0-95E4-4881-9F28-126061A9CB9A}
	EndGlobalSection
EndGlobal
